// !$*UTF8*$!
{
	archiveVersion = 1;
	classes = {
	};
	objectVersion = 50;
	objects = {

/* Begin PBXBuildFile section */
		1F9AFCC424F13CC6005A6F1F /* AppDelegate.swift in Sources */ = {isa = PBXBuildFile; fileRef = 1F9AFCC324F13CC6005A6F1F /* AppDelegate.swift */; };
		1F9AFCC624F13CC6005A6F1F /* SceneDelegate.swift in Sources */ = {isa = PBXBuildFile; fileRef = 1F9AFCC524F13CC6005A6F1F /* SceneDelegate.swift */; };
		1F9AFCC824F13CC6005A6F1F /* ContentView.swift in Sources */ = {isa = PBXBuildFile; fileRef = 1F9AFCC724F13CC6005A6F1F /* ContentView.swift */; };
		1F9AFCCA24F13CC8005A6F1F /* Assets.xcassets in Resources */ = {isa = PBXBuildFile; fileRef = 1F9AFCC924F13CC8005A6F1F /* Assets.xcassets */; };
		1F9AFCCD24F13CC8005A6F1F /* Preview Assets.xcassets in Resources */ = {isa = PBXBuildFile; fileRef = 1F9AFCCC24F13CC8005A6F1F /* Preview Assets.xcassets */; };
		1F9AFCD024F13CC8005A6F1F /* LaunchScreen.storyboard in Resources */ = {isa = PBXBuildFile; fileRef = 1F9AFCCE24F13CC8005A6F1F /* LaunchScreen.storyboard */; };
		1F9AFCDB24F13CC9005A6F1F /* SwiftUIDay2Tests.swift in Sources */ = {isa = PBXBuildFile; fileRef = 1F9AFCDA24F13CC9005A6F1F /* SwiftUIDay2Tests.swift */; };
		1F9AFCE624F13CC9005A6F1F /* SwiftUIDay2UITests.swift in Sources */ = {isa = PBXBuildFile; fileRef = 1F9AFCE524F13CC9005A6F1F /* SwiftUIDay2UITests.swift */; };
		1F9AFCF424F1445C005A6F1F /* CW5.swift in Sources */ = {isa = PBXBuildFile; fileRef = 1F9AFCF324F1445C005A6F1F /* CW5.swift */; };
		1F9AFCF624F144B9005A6F1F /* CW5Modifiers.swift in Sources */ = {isa = PBXBuildFile; fileRef = 1F9AFCF524F144B9005A6F1F /* CW5Modifiers.swift */; };
/* End PBXBuildFile section */

/* Begin PBXContainerItemProxy section */
		1F9AFCD724F13CC9005A6F1F /* PBXContainerItemProxy */ = {
			isa = PBXContainerItemProxy;
			containerPortal = 1F9AFCB824F13CC6005A6F1F /* Project object */;
			proxyType = 1;
			remoteGlobalIDString = 1F9AFCBF24F13CC6005A6F1F;
			remoteInfo = SwiftUIDay2;
		};
		1F9AFCE224F13CC9005A6F1F /* PBXContainerItemProxy */ = {
			isa = PBXContainerItemProxy;
			containerPortal = 1F9AFCB824F13CC6005A6F1F /* Project object */;
			proxyType = 1;
			remoteGlobalIDString = 1F9AFCBF24F13CC6005A6F1F;
			remoteInfo = SwiftUIDay2;
		};
/* End PBXContainerItemProxy section */

/* Begin PBXFileReference section */
		1F9AFCC024F13CC6005A6F1F /* SwiftUIDay2.app */ = {isa = PBXFileReference; explicitFileType = wrapper.application; includeInIndex = 0; path = SwiftUIDay2.app; sourceTree = BUILT_PRODUCTS_DIR; };
		1F9AFCC324F13CC6005A6F1F /* AppDelegate.swift */ = {isa = PBXFileReference; lastKnownFileType = sourcecode.swift; path = AppDelegate.swift; sourceTree = "<group>"; };
		1F9AFCC524F13CC6005A6F1F /* SceneDelegate.swift */ = {isa = PBXFileReference; lastKnownFileType = sourcecode.swift; path = SceneDelegate.swift; sourceTree = "<group>"; };
		1F9AFCC724F13CC6005A6F1F /* ContentView.swift */ = {isa = PBXFileReference; lastKnownFileType = sourcecode.swift; path = ContentView.swift; sourceTree = "<group>"; };
		1F9AFCC924F13CC8005A6F1F /* Assets.xcassets */ = {isa = PBXFileReference; lastKnownFileType = folder.assetcatalog; path = Assets.xcassets; sourceTree = "<group>"; };
		1F9AFCCC24F13CC8005A6F1F /* Preview Assets.xcassets */ = {isa = PBXFileReference; lastKnownFileType = folder.assetcatalog; path = "Preview Assets.xcassets"; sourceTree = "<group>"; };
		1F9AFCCF24F13CC8005A6F1F /* Base */ = {isa = PBXFileReference; lastKnownFileType = file.storyboard; name = Base; path = Base.lproj/LaunchScreen.storyboard; sourceTree = "<group>"; };
		1F9AFCD124F13CC8005A6F1F /* Info.plist */ = {isa = PBXFileReference; lastKnownFileType = text.plist.xml; path = Info.plist; sourceTree = "<group>"; };
		1F9AFCD624F13CC9005A6F1F /* SwiftUIDay2Tests.xctest */ = {isa = PBXFileReference; explicitFileType = wrapper.cfbundle; includeInIndex = 0; path = SwiftUIDay2Tests.xctest; sourceTree = BUILT_PRODUCTS_DIR; };
		1F9AFCDA24F13CC9005A6F1F /* SwiftUIDay2Tests.swift */ = {isa = PBXFileReference; lastKnownFileType = sourcecode.swift; path = SwiftUIDay2Tests.swift; sourceTree = "<group>"; };
		1F9AFCDC24F13CC9005A6F1F /* Info.plist */ = {isa = PBXFileReference; lastKnownFileType = text.plist.xml; path = Info.plist; sourceTree = "<group>"; };
		1F9AFCE124F13CC9005A6F1F /* SwiftUIDay2UITests.xctest */ = {isa = PBXFileReference; explicitFileType = wrapper.cfbundle; includeInIndex = 0; path = SwiftUIDay2UITests.xctest; sourceTree = BUILT_PRODUCTS_DIR; };
		1F9AFCE524F13CC9005A6F1F /* SwiftUIDay2UITests.swift */ = {isa = PBXFileReference; lastKnownFileType = sourcecode.swift; path = SwiftUIDay2UITests.swift; sourceTree = "<group>"; };
		1F9AFCE724F13CC9005A6F1F /* Info.plist */ = {isa = PBXFileReference; lastKnownFileType = text.plist.xml; path = Info.plist; sourceTree = "<group>"; };
		1F9AFCF324F1445C005A6F1F /* CW5.swift */ = {isa = PBXFileReference; lastKnownFileType = sourcecode.swift; path = CW5.swift; sourceTree = "<group>"; };
		1F9AFCF524F144B9005A6F1F /* CW5Modifiers.swift */ = {isa = PBXFileReference; lastKnownFileType = sourcecode.swift; path = CW5Modifiers.swift; sourceTree = "<group>"; };
/* End PBXFileReference section */

/* Begin PBXFrameworksBuildPhase section */
		1F9AFCBD24F13CC6005A6F1F /* Frameworks */ = {
			isa = PBXFrameworksBuildPhase;
			buildActionMask = 2147483647;
			files = (
			);
			runOnlyForDeploymentPostprocessing = 0;
		};
		1F9AFCD324F13CC9005A6F1F /* Frameworks */ = {
			isa = PBXFrameworksBuildPhase;
			buildActionMask = 2147483647;
			files = (
			);
			runOnlyForDeploymentPostprocessing = 0;
		};
		1F9AFCDE24F13CC9005A6F1F /* Frameworks */ = {
			isa = PBXFrameworksBuildPhase;
			buildActionMask = 2147483647;
			files = (
			);
			runOnlyForDeploymentPostprocessing = 0;
		};
/* End PBXFrameworksBuildPhase section */

/* Begin PBXGroup section */
		1F9AFCB724F13CC6005A6F1F = {
			isa = PBXGroup;
			children = (
				1F9AFCC224F13CC6005A6F1F /* SwiftUIDay2 */,
				1F9AFCD924F13CC9005A6F1F /* SwiftUIDay2Tests */,
				1F9AFCE424F13CC9005A6F1F /* SwiftUIDay2UITests */,
				1F9AFCC124F13CC6005A6F1F /* Products */,
			);
			sourceTree = "<group>";
		};
		1F9AFCC124F13CC6005A6F1F /* Products */ = {
			isa = PBXGroup;
			children = (
				1F9AFCC024F13CC6005A6F1F /* SwiftUIDay2.app */,
				1F9AFCD624F13CC9005A6F1F /* SwiftUIDay2Tests.xctest */,
				1F9AFCE124F13CC9005A6F1F /* SwiftUIDay2UITests.xctest */,
			);
			name = Products;
			sourceTree = "<group>";
		};
		1F9AFCC224F13CC6005A6F1F /* SwiftUIDay2 */ = {
			isa = PBXGroup;
			children = (
				1F9AFCC324F13CC6005A6F1F /* AppDelegate.swift */,
				1F9AFCC524F13CC6005A6F1F /* SceneDelegate.swift */,
				1F9AFCC724F13CC6005A6F1F /* ContentView.swift */,
				1F9AFCF324F1445C005A6F1F /* CW5.swift */,
				1F9AFCF524F144B9005A6F1F /* CW5Modifiers.swift */,
				1F9AFCC924F13CC8005A6F1F /* Assets.xcassets */,
				1F9AFCCE24F13CC8005A6F1F /* LaunchScreen.storyboard */,
				1F9AFCD124F13CC8005A6F1F /* Info.plist */,
				1F9AFCCB24F13CC8005A6F1F /* Preview Content */,
			);
			path = SwiftUIDay2;
			sourceTree = "<group>";
		};
		1F9AFCCB24F13CC8005A6F1F /* Preview Content */ = {
			isa = PBXGroup;
			children = (
				1F9AFCCC24F13CC8005A6F1F /* Preview Assets.xcassets */,
			);
			path = "Preview Content";
			sourceTree = "<group>";
		};
		1F9AFCD924F13CC9005A6F1F /* SwiftUIDay2Tests */ = {
			isa = PBXGroup;
			children = (
				1F9AFCDA24F13CC9005A6F1F /* SwiftUIDay2Tests.swift */,
				1F9AFCDC24F13CC9005A6F1F /* Info.plist */,
			);
			path = SwiftUIDay2Tests;
			sourceTree = "<group>";
		};
		1F9AFCE424F13CC9005A6F1F /* SwiftUIDay2UITests */ = {
			isa = PBXGroup;
			children = (
				1F9AFCE524F13CC9005A6F1F /* SwiftUIDay2UITests.swift */,
				1F9AFCE724F13CC9005A6F1F /* Info.plist */,
			);
			path = SwiftUIDay2UITests;
			sourceTree = "<group>";
		};
/* End PBXGroup section */

/* Begin PBXNativeTarget section */
		1F9AFCBF24F13CC6005A6F1F /* SwiftUIDay2 */ = {
			isa = PBXNativeTarget;
			buildConfigurationList = 1F9AFCEA24F13CC9005A6F1F /* Build configuration list for PBXNativeTarget "SwiftUIDay2" */;
			buildPhases = (
				1F9AFCBC24F13CC6005A6F1F /* Sources */,
				1F9AFCBD24F13CC6005A6F1F /* Frameworks */,
				1F9AFCBE24F13CC6005A6F1F /* Resources */,
			);
			buildRules = (
			);
			dependencies = (
			);
			name = SwiftUIDay2;
			productName = SwiftUIDay2;
			productReference = 1F9AFCC024F13CC6005A6F1F /* SwiftUIDay2.app */;
			productType = "com.apple.product-type.application";
		};
		1F9AFCD524F13CC9005A6F1F /* SwiftUIDay2Tests */ = {
			isa = PBXNativeTarget;
			buildConfigurationList = 1F9AFCED24F13CC9005A6F1F /* Build configuration list for PBXNativeTarget "SwiftUIDay2Tests" */;
			buildPhases = (
				1F9AFCD224F13CC9005A6F1F /* Sources */,
				1F9AFCD324F13CC9005A6F1F /* Frameworks */,
				1F9AFCD424F13CC9005A6F1F /* Resources */,
			);
			buildRules = (
			);
			dependencies = (
				1F9AFCD824F13CC9005A6F1F /* PBXTargetDependency */,
			);
			name = SwiftUIDay2Tests;
			productName = SwiftUIDay2Tests;
			productReference = 1F9AFCD624F13CC9005A6F1F /* SwiftUIDay2Tests.xctest */;
			productType = "com.apple.product-type.bundle.unit-test";
		};
		1F9AFCE024F13CC9005A6F1F /* SwiftUIDay2UITests */ = {
			isa = PBXNativeTarget;
			buildConfigurationList = 1F9AFCF024F13CC9005A6F1F /* Build configuration list for PBXNativeTarget "SwiftUIDay2UITests" */;
			buildPhases = (
				1F9AFCDD24F13CC9005A6F1F /* Sources */,
				1F9AFCDE24F13CC9005A6F1F /* Frameworks */,
				1F9AFCDF24F13CC9005A6F1F /* Resources */,
			);
			buildRules = (
			);
			dependencies = (
				1F9AFCE324F13CC9005A6F1F /* PBXTargetDependency */,
			);
			name = SwiftUIDay2UITests;
			productName = SwiftUIDay2UITests;
			productReference = 1F9AFCE124F13CC9005A6F1F /* SwiftUIDay2UITests.xctest */;
			productType = "com.apple.product-type.bundle.ui-testing";
		};
/* End PBXNativeTarget section */

/* Begin PBXProject section */
		1F9AFCB824F13CC6005A6F1F /* Project object */ = {
			isa = PBXProject;
			attributes = {
				LastSwiftUpdateCheck = 1150;
				LastUpgradeCheck = 1150;
				ORGANIZATIONNAME = "shaikha aljenaidel";
				TargetAttributes = {
					1F9AFCBF24F13CC6005A6F1F = {
						CreatedOnToolsVersion = 11.5;
					};
					1F9AFCD524F13CC9005A6F1F = {
						CreatedOnToolsVersion = 11.5;
						TestTargetID = 1F9AFCBF24F13CC6005A6F1F;
					};
					1F9AFCE024F13CC9005A6F1F = {
						CreatedOnToolsVersion = 11.5;
						TestTargetID = 1F9AFCBF24F13CC6005A6F1F;
					};
				};
			};
			buildConfigurationList = 1F9AFCBB24F13CC6005A6F1F /* Build configuration list for PBXProject "SwiftUIDay2" */;
			compatibilityVersion = "Xcode 9.3";
			developmentRegion = en;
			hasScannedForEncodings = 0;
			knownRegions = (
				en,
				Base,
			);
			mainGroup = 1F9AFCB724F13CC6005A6F1F;
			productRefGroup = 1F9AFCC124F13CC6005A6F1F /* Products */;
			projectDirPath = "";
			projectRoot = "";
			targets = (
				1F9AFCBF24F13CC6005A6F1F /* SwiftUIDay2 */,
				1F9AFCD524F13CC9005A6F1F /* SwiftUIDay2Tests */,
				1F9AFCE024F13CC9005A6F1F /* SwiftUIDay2UITests */,
			);
		};
/* End PBXProject section */

/* Begin PBXResourcesBuildPhase section */
		1F9AFCBE24F13CC6005A6F1F /* Resources */ = {
			isa = PBXResourcesBuildPhase;
			buildActionMask = 2147483647;
			files = (
				1F9AFCD024F13CC8005A6F1F /* LaunchScreen.storyboard in Resources */,
				1F9AFCCD24F13CC8005A6F1F /* Preview Assets.xcassets in Resources */,
				1F9AFCCA24F13CC8005A6F1F /* Assets.xcassets in Resources */,
			);
			runOnlyForDeploymentPostprocessing = 0;
		};
		1F9AFCD424F13CC9005A6F1F /* Resources */ = {
			isa = PBXResourcesBuildPhase;
			buildActionMask = 2147483647;
			files = (
			);
			runOnlyForDeploymentPostprocessing = 0;
		};
		1F9AFCDF24F13CC9005A6F1F /* Resources */ = {
			isa = PBXResourcesBuildPhase;
			buildActionMask = 2147483647;
			files = (
			);
			runOnlyForDeploymentPostprocessing = 0;
		};
/* End PBXResourcesBuildPhase section */

/* Begin PBXSourcesBuildPhase section */
		1F9AFCBC24F13CC6005A6F1F /* Sources */ = {
			isa = PBXSourcesBuildPhase;
			buildActionMask = 2147483647;
			files = (
				1F9AFCC424F13CC6005A6F1F /* AppDelegate.swift in Sources */,
				1F9AFCC624F13CC6005A6F1F /* SceneDelegate.swift in Sources */,
				1F9AFCC824F13CC6005A6F1F /* ContentView.swift in Sources */,
				1F9AFCF624F144B9005A6F1F /* CW5Modifiers.swift in Sources */,
				1F9AFCF424F1445C005A6F1F /* CW5.swift in Sources */,
			);
			runOnlyForDeploymentPostprocessing = 0;
		};
		1F9AFCD224F13CC9005A6F1F /* Sources */ = {
			isa = PBXSourcesBuildPhase;
			buildActionMask = 2147483647;
			files = (
				1F9AFCDB24F13CC9005A6F1F /* SwiftUIDay2Tests.swift in Sources */,
			);
			runOnlyForDeploymentPostprocessing = 0;
		};
		1F9AFCDD24F13CC9005A6F1F /* Sources */ = {
			isa = PBXSourcesBuildPhase;
			buildActionMask = 2147483647;
			files = (
				1F9AFCE624F13CC9005A6F1F /* SwiftUIDay2UITests.swift in Sources */,
			);
			runOnlyForDeploymentPostprocessing = 0;
		};
/* End PBXSourcesBuildPhase section */

/* Begin PBXTargetDependency section */
		1F9AFCD824F13CC9005A6F1F /* PBXTargetDependency */ = {
			isa = PBXTargetDependency;
			target = 1F9AFCBF24F13CC6005A6F1F /* SwiftUIDay2 */;
			targetProxy = 1F9AFCD724F13CC9005A6F1F /* PBXContainerItemProxy */;
		};
		1F9AFCE324F13CC9005A6F1F /* PBXTargetDependency */ = {
			isa = PBXTargetDependency;
			target = 1F9AFCBF24F13CC6005A6F1F /* SwiftUIDay2 */;
			targetProxy = 1F9AFCE224F13CC9005A6F1F /* PBXContainerItemProxy */;
		};
/* End PBXTargetDependency section */

/* Begin PBXVariantGroup section */
		1F9AFCCE24F13CC8005A6F1F /* LaunchScreen.storyboard */ = {
			isa = PBXVariantGroup;
			children = (
				1F9AFCCF24F13CC8005A6F1F /* Base */,
			);
			name = LaunchScreen.storyboard;
			sourceTree = "<group>";
		};
/* End PBXVariantGroup section */

/* Begin XCBuildConfiguration section */
		1F9AFCE824F13CC9005A6F1F /* Debug */ = {
			isa = XCBuildConfiguration;
			buildSettings = {
				ALWAYS_SEARCH_USER_PATHS = NO;
				CLANG_ANALYZER_NONNULL = YES;
				CLANG_ANALYZER_NUMBER_OBJECT_CONVERSION = YES_AGGRESSIVE;
				CLANG_CXX_LANGUAGE_STANDARD = "gnu++14";
				CLANG_CXX_LIBRARY = "libc++";
				CLANG_ENABLE_MODULES = YES;
				CLANG_ENABLE_OBJC_ARC = YES;
				CLANG_ENABLE_OBJC_WEAK = YES;
				CLANG_WARN_BLOCK_CAPTURE_AUTORELEASING = YES;
				CLANG_WARN_BOOL_CONVERSION = YES;
				CLANG_WARN_COMMA = YES;
				CLANG_WARN_CONSTANT_CONVERSION = YES;
				CLANG_WARN_DEPRECATED_OBJC_IMPLEMENTATIONS = YES;
				CLANG_WARN_DIRECT_OBJC_ISA_USAGE = YES_ERROR;
				CLANG_WARN_DOCUMENTATION_COMMENTS = YES;
				CLANG_WARN_EMPTY_BODY = YES;
				CLANG_WARN_ENUM_CONVERSION = YES;
				CLANG_WARN_INFINITE_RECURSION = YES;
				CLANG_WARN_INT_CONVERSION = YES;
				CLANG_WARN_NON_LITERAL_NULL_CONVERSION = YES;
				CLANG_WARN_OBJC_IMPLICIT_RETAIN_SELF = YES;
				CLANG_WARN_OBJC_LITERAL_CONVERSION = YES;
				CLANG_WARN_OBJC_ROOT_CLASS = YES_ERROR;
				CLANG_WARN_RANGE_LOOP_ANALYSIS = YES;
				CLANG_WARN_STRICT_PROTOTYPES = YES;
				CLANG_WARN_SUSPICIOUS_MOVE = YES;
				CLANG_WARN_UNGUARDED_AVAILABILITY = YES_AGGRESSIVE;
				CLANG_WARN_UNREACHABLE_CODE = YES;
				CLANG_WARN__DUPLICATE_METHOD_MATCH = YES;
				COPY_PHASE_STRIP = NO;
				DEBUG_INFORMATION_FORMAT = dwarf;
				ENABLE_STRICT_OBJC_MSGSEND = YES;
				ENABLE_TESTABILITY = YES;
				GCC_C_LANGUAGE_STANDARD = gnu11;
				GCC_DYNAMIC_NO_PIC = NO;
				GCC_NO_COMMON_BLOCKS = YES;
				GCC_OPTIMIZATION_LEVEL = 0;
				GCC_PREPROCESSOR_DEFINITIONS = (
					"DEBUG=1",
					"$(inherited)",
				);
				GCC_WARN_64_TO_32_BIT_CONVERSION = YES;
				GCC_WARN_ABOUT_RETURN_TYPE = YES_ERROR;
				GCC_WARN_UNDECLARED_SELECTOR = YES;
				GCC_WARN_UNINITIALIZED_AUTOS = YES_AGGRESSIVE;
				GCC_WARN_UNUSED_FUNCTION = YES;
				GCC_WARN_UNUSED_VARIABLE = YES;
				IPHONEOS_DEPLOYMENT_TARGET = 13.5;
				MTL_ENABLE_DEBUG_INFO = INCLUDE_SOURCE;
				MTL_FAST_MATH = YES;
				ONLY_ACTIVE_ARCH = YES;
				SDKROOT = iphoneos;
				SWIFT_ACTIVE_COMPILATION_CONDITIONS = DEBUG;
				SWIFT_OPTIMIZATION_LEVEL = "-Onone";
			};
			name = Debug;
		};
		1F9AFCE924F13CC9005A6F1F /* Release */ = {
			isa = XCBuildConfiguration;
			buildSettings = {
				ALWAYS_SEARCH_USER_PATHS = NO;
				CLANG_ANALYZER_NONNULL = YES;
				CLANG_ANALYZER_NUMBER_OBJECT_CONVERSION = YES_AGGRESSIVE;
				CLANG_CXX_LANGUAGE_STANDARD = "gnu++14";
				CLANG_CXX_LIBRARY = "libc++";
				CLANG_ENABLE_MODULES = YES;
				CLANG_ENABLE_OBJC_ARC = YES;
				CLANG_ENABLE_OBJC_WEAK = YES;
				CLANG_WARN_BLOCK_CAPTURE_AUTORELEASING = YES;
				CLANG_WARN_BOOL_CONVERSION = YES;
				CLANG_WARN_COMMA = YES;
				CLANG_WARN_CONSTANT_CONVERSION = YES;
				CLANG_WARN_DEPRECATED_OBJC_IMPLEMENTATIONS = YES;
				CLANG_WARN_DIRECT_OBJC_ISA_USAGE = YES_ERROR;
				CLANG_WARN_DOCUMENTATION_COMMENTS = YES;
				CLANG_WARN_EMPTY_BODY = YES;
				CLANG_WARN_ENUM_CONVERSION = YES;
				CLANG_WARN_INFINITE_RECURSION = YES;
				CLANG_WARN_INT_CONVERSION = YES;
				CLANG_WARN_NON_LITERAL_NULL_CONVERSION = YES;
				CLANG_WARN_OBJC_IMPLICIT_RETAIN_SELF = YES;
				CLANG_WARN_OBJC_LITERAL_CONVERSION = YES;
				CLANG_WARN_OBJC_ROOT_CLASS = YES_ERROR;
				CLANG_WARN_RANGE_LOOP_ANALYSIS = YES;
				CLANG_WARN_STRICT_PROTOTYPES = YES;
				CLANG_WARN_SUSPICIOUS_MOVE = YES;
				CLANG_WARN_UNGUARDED_AVAILABILITY = YES_AGGRESSIVE;
				CLANG_WARN_UNREACHABLE_CODE = YES;
				CLANG_WARN__DUPLICATE_METHOD_MATCH = YES;
				COPY_PHASE_STRIP = NO;
				DEBUG_INFORMATION_FORMAT = "dwarf-with-dsym";
				ENABLE_NS_ASSERTIONS = NO;
				ENABLE_STRICT_OBJC_MSGSEND = YES;
				GCC_C_LANGUAGE_STANDARD = gnu11;
				GCC_NO_COMMON_BLOCKS = YES;
				GCC_WARN_64_TO_32_BIT_CONVERSION = YES;
				GCC_WARN_ABOUT_RETURN_TYPE = YES_ERROR;
				GCC_WARN_UNDECLARED_SELECTOR = YES;
				GCC_WARN_UNINITIALIZED_AUTOS = YES_AGGRESSIVE;
				GCC_WARN_UNUSED_FUNCTION = YES;
				GCC_WARN_UNUSED_VARIABLE = YES;
				IPHONEOS_DEPLOYMENT_TARGET = 13.5;
				MTL_ENABLE_DEBUG_INFO = NO;
				MTL_FAST_MATH = YES;
				SDKROOT = iphoneos;
				SWIFT_COMPILATION_MODE = wholemodule;
				SWIFT_OPTIMIZATION_LEVEL = "-O";
				VALIDATE_PRODUCT = YES;
			};
			name = Release;
		};
		1F9AFCEB24F13CC9005A6F1F /* Debug */ = {
			isa = XCBuildConfiguration;
			buildSettings = {
				ASSETCATALOG_COMPILER_APPICON_NAME = AppIcon;
				CODE_SIGN_STYLE = Automatic;
				DEVELOPMENT_ASSET_PATHS = "\"SwiftUIDay2/Preview Content\"";
				DEVELOPMENT_TEAM = XF66VVD4LB;
				ENABLE_PREVIEWS = YES;
				INFOPLIST_FILE = SwiftUIDay2/Info.plist;
				LD_RUNPATH_SEARCH_PATHS = (
					"$(inherited)",
					"@executable_path/Frameworks",
				);
				PRODUCT_BUNDLE_IDENTIFIER = shaikha.Aljenaidel.SwiftUIDay2;
				PRODUCT_NAME = "$(TARGET_NAME)";
				SWIFT_VERSION = 5.0;
				TARGETED_DEVICE_FAMILY = "1,2";
			};
			name = Debug;
		};
		1F9AFCEC24F13CC9005A6F1F /* Release */ = {
			isa = XCBuildConfiguration;
			buildSettings = {
				ASSETCATALOG_COMPILER_APPICON_NAME = AppIcon;
				CODE_SIGN_STYLE = Automatic;
				DEVELOPMENT_ASSET_PATHS = "\"SwiftUIDay2/Preview Content\"";
				DEVELOPMENT_TEAM = XF66VVD4LB;
				ENABLE_PREVIEWS = YES;
				INFOPLIST_FILE = SwiftUIDay2/Info.plist;
				LD_RUNPATH_SEARCH_PATHS = (
					"$(inherited)",
					"@executable_path/Frameworks",
				);
				PRODUCT_BUNDLE_IDENTIFIER = shaikha.Aljenaidel.SwiftUIDay2;
				PRODUCT_NAME = "$(TARGET_NAME)";
				SWIFT_VERSION = 5.0;
				TARGETED_DEVICE_FAMILY = "1,2";
			};
			name = Release;
		};
		1F9AFCEE24F13CC9005A6F1F /* Debug */ = {
			isa = XCBuildConfiguration;
			buildSettings = {
				ALWAYS_EMBED_SWIFT_STANDARD_LIBRARIES = YES;
				BUNDLE_LOADER = "$(TEST_HOST)";
				CODE_SIGN_STYLE = Automatic;
				DEVELOPMENT_TEAM = XF66VVD4LB;
				INFOPLIST_FILE = SwiftUIDay2Tests/Info.plist;
				IPHONEOS_DEPLOYMENT_TARGET = 13.5;
				LD_RUNPATH_SEARCH_PATHS = (
					"$(inherited)",
					"@executable_path/Frameworks",
					"@loader_path/Frameworks",
				);
				PRODUCT_BUNDLE_IDENTIFIER = shaikha.Aljenaidel.SwiftUIDay2Tests;
				PRODUCT_NAME = "$(TARGET_NAME)";
				SWIFT_VERSION = 5.0;
				TARGETED_DEVICE_FAMILY = "1,2";
				TEST_HOST = "$(BUILT_PRODUCTS_DIR)/SwiftUIDay2.app/SwiftUIDay2";
			};
			name = Debug;
		};
		1F9AFCEF24F13CC9005A6F1F /* Release */ = {
			isa = XCBuildConfiguration;
			buildSettings = {
				ALWAYS_EMBED_SWIFT_STANDARD_LIBRARIES = YES;
				BUNDLE_LOADER = "$(TEST_HOST)";
				CODE_SIGN_STYLE = Automatic;
				DEVELOPMENT_TEAM = XF66VVD4LB;
				INFOPLIST_FILE = SwiftUIDay2Tests/Info.plist;
				IPHONEOS_DEPLOYMENT_TARGET = 13.5;
				LD_RUNPATH_SEARCH_PATHS = (
					"$(inherited)",
					"@executable_path/Frameworks",
					"@loader_path/Frameworks",
				);
				PRODUCT_BUNDLE_IDENTIFIER = shaikha.Aljenaidel.SwiftUIDay2Tests;
				PRODUCT_NAME = "$(TARGET_NAME)";
				SWIFT_VERSION = 5.0;
				TARGETED_DEVICE_FAMILY = "1,2";
				TEST_HOST = "$(BUILT_PRODUCTS_DIR)/SwiftUIDay2.app/SwiftUIDay2";
			};
			name = Release;
		};
		1F9AFCF124F13CC9005A6F1F /* Debug */ = {
			isa = XCBuildConfiguration;
			buildSettings = {
				ALWAYS_EMBED_SWIFT_STANDARD_LIBRARIES = YES;
				CODE_SIGN_STYLE = Automatic;
				DEVELOPMENT_TEAM = XF66VVD4LB;
				INFOPLIST_FILE = SwiftUIDay2UITests/Info.plist;
				LD_RUNPATH_SEARCH_PATHS = (
					"$(inherited)",
					"@executable_path/Frameworks",
					"@loader_path/Frameworks",
				);
				PRODUCT_BUNDLE_IDENTIFIER = shaikha.Aljenaidel.SwiftUIDay2UITests;
				PRODUCT_NAME = "$(TARGET_NAME)";
				SWIFT_VERSION = 5.0;
				TARGETED_DEVICE_FAMILY = "1,2";
				TEST_TARGET_NAME = SwiftUIDay2;
			};
			name = Debug;
		};
		1F9AFCF224F13CC9005A6F1F /* Release */ = {
			isa = XCBuildConfiguration;
			buildSettings = {
				ALWAYS_EMBED_SWIFT_STANDARD_LIBRARIES = YES;
				CODE_SIGN_STYLE = Automatic;
				DEVELOPMENT_TEAM = XF66VVD4LB;
				INFOPLIST_FILE = SwiftUIDay2UITests/Info.plist;
				LD_RUNPATH_SEARCH_PATHS = (
					"$(inherited)",
					"@executable_path/Frameworks",
					"@loader_path/Frameworks",
				);
				PRODUCT_BUNDLE_IDENTIFIER = shaikha.Aljenaidel.SwiftUIDay2UITests;
				PRODUCT_NAME = "$(TARGET_NAME)";
				SWIFT_VERSION = 5.0;
				TARGETED_DEVICE_FAMILY = "1,2";
				TEST_TARGET_NAME = SwiftUIDay2;
			};
			name = Release;
		};
/* End XCBuildConfiguration section */

/* Begin XCConfigurationList section */
		1F9AFCBB24F13CC6005A6F1F /* Build configuration list for PBXProject "SwiftUIDay2" */ = {
			isa = XCConfigurationList;
			buildConfigurations = (
				1F9AFCE824F13CC9005A6F1F /* Debug */,
				1F9AFCE924F13CC9005A6F1F /* Release */,
			);
			defaultConfigurationIsVisible = 0;
			defaultConfigurationName = Release;
		};
		1F9AFCEA24F13CC9005A6F1F /* Build configuration list for PBXNativeTarget "SwiftUIDay2" */ = {
			isa = XCConfigurationList;
			buildConfigurations = (
				1F9AFCEB24F13CC9005A6F1F /* Debug */,
				1F9AFCEC24F13CC9005A6F1F /* Release */,
			);
			defaultConfigurationIsVisible = 0;
			defaultConfigurationName = Release;
		};
		1F9AFCED24F13CC9005A6F1F /* Build configuration list for PBXNativeTarget "SwiftUIDay2Tests" */ = {
			isa = XCConfigurationList;
			buildConfigurations = (
				1F9AFCEE24F13CC9005A6F1F /* Debug */,
				1F9AFCEF24F13CC9005A6F1F /* Release */,
			);
			defaultConfigurationIsVisible = 0;
			defaultConfigurationName = Release;
		};
		1F9AFCF024F13CC9005A6F1F /* Build configuration list for PBXNativeTarget "SwiftUIDay2UITests" */ = {
			isa = XCConfigurationList;
			buildConfigurations = (
				1F9AFCF124F13CC9005A6F1F /* Debug */,
				1F9AFCF224F13CC9005A6F1F /* Release */,
			);
			defaultConfigurationIsVisible = 0;
			defaultConfigurationName = Release;
		};
/* End XCConfigurationList section */
	};
	rootObject = 1F9AFCB824F13CC6005A6F1F /* Project object */;
}
